
Microsoft Visual Studio Solution File, Format Version 12.00
Project("{FAE04EC0-301F-11D3-BF4B-00C04F79EFBC}") = "NubankAuthorizer", "NubankAuthorizer\NubankAuthorizer.csproj", "{CDAAD277-596F-4D1B-8C42-3B44FDE45811}"
EndProject
Project("{FAE04EC0-301F-11D3-BF4B-00C04F79EFBC}") = "AuthorizerTests", "AuthorizerTests\AuthorizerTests.csproj", "{5C449A10-708D-4E39-A3A5-2402C88D401D}"
EndProject
Global
	GlobalSection(SolutionConfigurationPlatforms) = preSolution
		Debug|Any CPU = Debug|Any CPU
		Release|Any CPU = Release|Any CPU
	EndGlobalSection
	GlobalSection(ProjectConfigurationPlatforms) = postSolution
		{CDAAD277-596F-4D1B-8C42-3B44FDE45811}.Debug|Any CPU.ActiveCfg = Debug|Any CPU
		{CDAAD277-596F-4D1B-8C42-3B44FDE45811}.Debug|Any CPU.Build.0 = Debug|Any CPU
		{CDAAD277-596F-4D1B-8C42-3B44FDE45811}.Release|Any CPU.ActiveCfg = Release|Any CPU
		{CDAAD277-596F-4D1B-8C42-3B44FDE45811}.Release|Any CPU.Build.0 = Release|Any CPU
		{5C449A10-708D-4E39-A3A5-2402C88D401D}.Debug|Any CPU.ActiveCfg = Debug|Any CPU
		{5C449A10-708D-4E39-A3A5-2402C88D401D}.Debug|Any CPU.Build.0 = Debug|Any CPU
		{5C449A10-708D-4E39-A3A5-2402C88D401D}.Release|Any CPU.ActiveCfg = Release|Any CPU
		{5C449A10-708D-4E39-A3A5-2402C88D401D}.Release|Any CPU.Build.0 = Release|Any CPU
	EndGlobalSection
EndGlobal
